
Microsoft Visual Studio Solution File, Format Version 12.00
# Visual Studio 15
VisualStudioVersion = 15.0.27130.2027
MinimumVisualStudioVersion = 10.0.40219.1
Project("{FAE04EC0-301F-11D3-BF4B-00C04F79EFBC}") = "Insurances.Api", "Insurances.Api\Insurances.Api.csproj", "{8EED5CF9-5195-4584-9B2F-B391D996A52E}"
EndProject
Project("{FAE04EC0-301F-11D3-BF4B-00C04F79EFBC}") = "Insurances.Middleware", "Insurances.Middleware\Insurances.Middleware.csproj", "{8CEAD54F-1CE8-4584-95EF-D1294E4F6E93}"
EndProject
Project("{FAE04EC0-301F-11D3-BF4B-00C04F79EFBC}") = "Insurances.Model", "Insurances.Model\Insurances.Model.csproj", "{17EE6BC5-6FDE-4BE0-AC1F-351D39F8DDD1}"
EndProject
Global
	GlobalSection(SolutionConfigurationPlatforms) = preSolution
		Debug|Any CPU = Debug|Any CPU
		Release|Any CPU = Release|Any CPU
	EndGlobalSection
	GlobalSection(ProjectConfigurationPlatforms) = postSolution
		{8EED5CF9-5195-4584-9B2F-B391D996A52E}.Debug|Any CPU.ActiveCfg = Debug|Any CPU
		{8EED5CF9-5195-4584-9B2F-B391D996A52E}.Debug|Any CPU.Build.0 = Debug|Any CPU
		{8EED5CF9-5195-4584-9B2F-B391D996A52E}.Release|Any CPU.ActiveCfg = Release|Any CPU
		{8EED5CF9-5195-4584-9B2F-B391D996A52E}.Release|Any CPU.Build.0 = Release|Any CPU
		{8CEAD54F-1CE8-4584-95EF-D1294E4F6E93}.Debug|Any CPU.ActiveCfg = Debug|Any CPU
		{8CEAD54F-1CE8-4584-95EF-D1294E4F6E93}.Debug|Any CPU.Build.0 = Debug|Any CPU
		{8CEAD54F-1CE8-4584-95EF-D1294E4F6E93}.Release|Any CPU.ActiveCfg = Release|Any CPU
		{8CEAD54F-1CE8-4584-95EF-D1294E4F6E93}.Release|Any CPU.Build.0 = Release|Any CPU
		{17EE6BC5-6FDE-4BE0-AC1F-351D39F8DDD1}.Debug|Any CPU.ActiveCfg = Debug|Any CPU
		{17EE6BC5-6FDE-4BE0-AC1F-351D39F8DDD1}.Debug|Any CPU.Build.0 = Debug|Any CPU
		{17EE6BC5-6FDE-4BE0-AC1F-351D39F8DDD1}.Release|Any CPU.ActiveCfg = Release|Any CPU
		{17EE6BC5-6FDE-4BE0-AC1F-351D39F8DDD1}.Release|Any CPU.Build.0 = Release|Any CPU
	EndGlobalSection
	GlobalSection(SolutionProperties) = preSolution
		HideSolutionNode = FALSE
	EndGlobalSection
	GlobalSection(ExtensibilityGlobals) = postSolution
		SolutionGuid = {42EAB951-A13F-449D-9749-92DDC2B03C30}
	EndGlobalSection
EndGlobal
